
Microsoft Visual Studio Solution File, Format Version 12.00
# Visual Studio Version 17
VisualStudioVersion = 17.9.34622.214
MinimumVisualStudioVersion = 10.0.40219.1
Project("{9A19103F-16F7-4668-BE54-9A1E7A4F7556}") = "Test", "Test\Test.csproj", "{81CFB930-8FAD-4E1F-94D2-3900B4D47F5B}"
	ProjectSection(ProjectDependencies) = postProject
		{05A2D8A5-860E-4AAE-BA8A-AEF7920A031D} = {05A2D8A5-860E-4AAE-BA8A-AEF7920A031D}
	EndProjectSection
EndProject
Project("{9A19103F-16F7-4668-BE54-9A1E7A4F7556}") = "Test.Data", "Test.Data\Test.Data.csproj", "{05A2D8A5-860E-4AAE-BA8A-AEF7920A031D}"
EndProject
Project("{FAE04EC0-301F-11D3-BF4B-00C04F79EFBC}") = "Test.Tests", "Test.Tests\Test.Tests.csproj", "{734301AE-C74B-4B8A-84FD-36ECA2B04CB1}"
EndProject
Global
	GlobalSection(SolutionConfigurationPlatforms) = preSolution
		Debug|Any CPU = Debug|Any CPU
		Release|Any CPU = Release|Any CPU
	EndGlobalSection
	GlobalSection(ProjectConfigurationPlatforms) = postSolution
		{81CFB930-8FAD-4E1F-94D2-3900B4D47F5B}.Debug|Any CPU.ActiveCfg = Debug|Any CPU
		{81CFB930-8FAD-4E1F-94D2-3900B4D47F5B}.Debug|Any CPU.Build.0 = Debug|Any CPU
		{81CFB930-8FAD-4E1F-94D2-3900B4D47F5B}.Release|Any CPU.ActiveCfg = Release|Any CPU
		{81CFB930-8FAD-4E1F-94D2-3900B4D47F5B}.Release|Any CPU.Build.0 = Release|Any CPU
		{05A2D8A5-860E-4AAE-BA8A-AEF7920A031D}.Debug|Any CPU.ActiveCfg = Debug|Any CPU
		{05A2D8A5-860E-4AAE-BA8A-AEF7920A031D}.Debug|Any CPU.Build.0 = Debug|Any CPU
		{05A2D8A5-860E-4AAE-BA8A-AEF7920A031D}.Release|Any CPU.ActiveCfg = Release|Any CPU
		{05A2D8A5-860E-4AAE-BA8A-AEF7920A031D}.Release|Any CPU.Build.0 = Release|Any CPU
		{734301AE-C74B-4B8A-84FD-36ECA2B04CB1}.Debug|Any CPU.ActiveCfg = Debug|Any CPU
		{734301AE-C74B-4B8A-84FD-36ECA2B04CB1}.Debug|Any CPU.Build.0 = Debug|Any CPU
		{734301AE-C74B-4B8A-84FD-36ECA2B04CB1}.Release|Any CPU.ActiveCfg = Release|Any CPU
		{734301AE-C74B-4B8A-84FD-36ECA2B04CB1}.Release|Any CPU.Build.0 = Release|Any CPU
	EndGlobalSection
	GlobalSection(SolutionProperties) = preSolution
		HideSolutionNode = FALSE
	EndGlobalSection
	GlobalSection(ExtensibilityGlobals) = postSolution
		SolutionGuid = {9ED3FE27-7866-49B5-8F1A-D050890F551C}
	EndGlobalSection
EndGlobal
